Microsoft Visual Studio Solution File, Format Version 12.00
# Visual Studio Version 17
VisualStudioVersion = 17.0.31903.59
MinimumVisualStudioVersion = 10.0.40219.1
Project("{FAE04EC0-301F-11D3-BF4B-00C04F79EFBC}") = "OpenClaw.KinectSatellite.Core", "src\OpenClaw.KinectSatellite.Core\OpenClaw.KinectSatellite.Core.csproj", "{61113C92-139B-43E4-91F1-A92333F29513}"
EndProject
Project("{FAE04EC0-301F-11D3-BF4B-00C04F79EFBC}") = "OpenClaw.KinectSatellite.Infrastructure", "src\OpenClaw.KinectSatellite.Infrastructure\OpenClaw.KinectSatellite.Infrastructure.csproj", "{94B151C9-E924-4D10-A177-A7ECF05710B3}"
EndProject
Project("{FAE04EC0-301F-11D3-BF4B-00C04F79EFBC}") = "OpenClaw.KinectSatellite", "src\OpenClaw.KinectSatellite\OpenClaw.KinectSatellite.csproj", "{90C4742C-0CB3-4237-BFB5-B33EEAED6204}"
EndProject
Project("{FAE04EC0-301F-11D3-BF4B-00C04F79EFBC}") = "OpenClaw.KinectSatellite.Tests", "tests\OpenClaw.KinectSatellite.Tests\OpenClaw.KinectSatellite.Tests.csproj", "{04112B93-7CDE-44A7-83AA-B786C0C99670}"
EndProject
Global
	GlobalSection(SolutionConfigurationPlatforms) = preSolution
		Debug|Any CPU = Debug|Any CPU
		Release|Any CPU = Release|Any CPU
	EndGlobalSection
	GlobalSection(ProjectConfigurationPlatforms) = postSolution
		{61113C92-139B-43E4-91F1-A92333F29513}.Debug|Any CPU.ActiveCfg = Debug|Any CPU
		{61113C92-139B-43E4-91F1-A92333F29513}.Debug|Any CPU.Build.0 = Debug|Any CPU
		{61113C92-139B-43E4-91F1-A92333F29513}.Release|Any CPU.ActiveCfg = Release|Any CPU
		{61113C92-139B-43E4-91F1-A92333F29513}.Release|Any CPU.Build.0 = Release|Any CPU
		{94B151C9-E924-4D10-A177-A7ECF05710B3}.Debug|Any CPU.ActiveCfg = Debug|Any CPU
		{94B151C9-E924-4D10-A177-A7ECF05710B3}.Debug|Any CPU.Build.0 = Debug|Any CPU
		{94B151C9-E924-4D10-A177-A7ECF05710B3}.Release|Any CPU.ActiveCfg = Release|Any CPU
		{94B151C9-E924-4D10-A177-A7ECF05710B3}.Release|Any CPU.Build.0 = Release|Any CPU
		{90C4742C-0CB3-4237-BFB5-B33EEAED6204}.Debug|Any CPU.ActiveCfg = Debug|Any CPU
		{90C4742C-0CB3-4237-BFB5-B33EEAED6204}.Debug|Any CPU.Build.0 = Debug|Any CPU
		{90C4742C-0CB3-4237-BFB5-B33EEAED6204}.Release|Any CPU.ActiveCfg = Release|Any CPU
		{90C4742C-0CB3-4237-BFB5-B33EEAED6204}.Release|Any CPU.Build.0 = Release|Any CPU
		{04112B93-7CDE-44A7-83AA-B786C0C99670}.Debug|Any CPU.ActiveCfg = Debug|Any CPU
		{04112B93-7CDE-44A7-83AA-B786C0C99670}.Debug|Any CPU.Build.0 = Debug|Any CPU
		{04112B93-7CDE-44A7-83AA-B786C0C99670}.Release|Any CPU.ActiveCfg = Release|Any CPU
		{04112B93-7CDE-44A7-83AA-B786C0C99670}.Release|Any CPU.Build.0 = Release|Any CPU
	EndGlobalSection
EndGlobal

